
Microsoft Visual Studio Solution File, Format Version 12.00
# Visual Studio Version 16
VisualStudioVersion = 16.0.31624.102
MinimumVisualStudioVersion = 10.0.40219.1
Project("{2150E333-8FDC-42A3-9474-1A3956D46DE8}") = "Solution Items", "Solution Items", "{57B6AF65-2616-492D-94A8-4014D2404A1F}"
	ProjectSection(SolutionItems) = preProject
		Readme.md = Readme.md
	EndProjectSection
EndProject
Project("{FAE04EC0-301F-11D3-BF4B-00C04F79EFBC}") = "OnlineShop.Core", "OnlineShop.Core\OnlineShop.Core.csproj", "{DEF01D09-65D3-4AED-B58F-E8C3DC061209}"
EndProject
Global
	GlobalSection(SolutionConfigurationPlatforms) = preSolution
		Debug|Any CPU = Debug|Any CPU
		Release|Any CPU = Release|Any CPU
	EndGlobalSection
	GlobalSection(ProjectConfigurationPlatforms) = postSolution
		{DEF01D09-65D3-4AED-B58F-E8C3DC061209}.Debug|Any CPU.ActiveCfg = Debug|Any CPU
		{DEF01D09-65D3-4AED-B58F-E8C3DC061209}.Debug|Any CPU.Build.0 = Debug|Any CPU
		{DEF01D09-65D3-4AED-B58F-E8C3DC061209}.Release|Any CPU.ActiveCfg = Release|Any CPU
		{DEF01D09-65D3-4AED-B58F-E8C3DC061209}.Release|Any CPU.Build.0 = Release|Any CPU
	EndGlobalSection
	GlobalSection(SolutionProperties) = preSolution
		HideSolutionNode = FALSE
	EndGlobalSection
	GlobalSection(ExtensibilityGlobals) = postSolution
		SolutionGuid = {D2ECDF04-E720-4043-B45B-84680503E7C3}
	EndGlobalSection
EndGlobal
